
Microsoft Visual Studio Solution File, Format Version 12.00
# Visual Studio Version 16
VisualStudioVersion = 16.0.30611.23
MinimumVisualStudioVersion = 10.0.40219.1
Project("{FAE04EC0-301F-11D3-BF4B-00C04F79EFBC}") = "Models", "Models\Models.csproj", "{08B3AD16-BC0E-4195-B831-7414106148BD}"
EndProject
Global
	GlobalSection(SolutionConfigurationPlatforms) = preSolution
		Debug|Any CPU = Debug|Any CPU
		Release|Any CPU = Release|Any CPU
	EndGlobalSection
	GlobalSection(ProjectConfigurationPlatforms) = postSolution
		{08B3AD16-BC0E-4195-B831-7414106148BD}.Debug|Any CPU.ActiveCfg = Debug|Any CPU
		{08B3AD16-BC0E-4195-B831-7414106148BD}.Debug|Any CPU.Build.0 = Debug|Any CPU
		{08B3AD16-BC0E-4195-B831-7414106148BD}.Release|Any CPU.ActiveCfg = Release|Any CPU
		{08B3AD16-BC0E-4195-B831-7414106148BD}.Release|Any CPU.Build.0 = Release|Any CPU
	EndGlobalSection
	GlobalSection(SolutionProperties) = preSolution
		HideSolutionNode = FALSE
	EndGlobalSection
	GlobalSection(ExtensibilityGlobals) = postSolution
		SolutionGuid = {977376F8-B26B-424B-B338-D84389318237}
	EndGlobalSection
EndGlobal
