
Microsoft Visual Studio Solution File, Format Version 12.00
# Visual Studio Version 16
VisualStudioVersion = 16.0.30611.23
MinimumVisualStudioVersion = 10.0.40219.1
Project("{9A19103F-16F7-4668-BE54-9A1E7A4F7556}") = "Financial.WebApi", "WebApi\Financial.WebApi.csproj", "{3AD0F549-5DDF-47AA-A63D-46A583CF8EEB}"
EndProject
Project("{9A19103F-16F7-4668-BE54-9A1E7A4F7556}") = "Financial.Aplication", "Aplication\Financial.Aplication.csproj", "{15F69FD1-1593-426D-BF00-706F4F97387D}"
EndProject
Project("{9A19103F-16F7-4668-BE54-9A1E7A4F7556}") = "Financial.Services", "Services\Financial.Services.csproj", "{6C515777-C65E-4CFA-A22A-386D9F26A9E3}"
EndProject
Global
	GlobalSection(SolutionConfigurationPlatforms) = preSolution
		Debug|Any CPU = Debug|Any CPU
		Release|Any CPU = Release|Any CPU
	EndGlobalSection
	GlobalSection(ProjectConfigurationPlatforms) = postSolution
		{3AD0F549-5DDF-47AA-A63D-46A583CF8EEB}.Debug|Any CPU.ActiveCfg = Debug|Any CPU
		{3AD0F549-5DDF-47AA-A63D-46A583CF8EEB}.Debug|Any CPU.Build.0 = Debug|Any CPU
		{3AD0F549-5DDF-47AA-A63D-46A583CF8EEB}.Release|Any CPU.ActiveCfg = Release|Any CPU
		{3AD0F549-5DDF-47AA-A63D-46A583CF8EEB}.Release|Any CPU.Build.0 = Release|Any CPU
		{15F69FD1-1593-426D-BF00-706F4F97387D}.Debug|Any CPU.ActiveCfg = Debug|Any CPU
		{15F69FD1-1593-426D-BF00-706F4F97387D}.Debug|Any CPU.Build.0 = Debug|Any CPU
		{15F69FD1-1593-426D-BF00-706F4F97387D}.Release|Any CPU.ActiveCfg = Release|Any CPU
		{15F69FD1-1593-426D-BF00-706F4F97387D}.Release|Any CPU.Build.0 = Release|Any CPU
		{6C515777-C65E-4CFA-A22A-386D9F26A9E3}.Debug|Any CPU.ActiveCfg = Debug|Any CPU
		{6C515777-C65E-4CFA-A22A-386D9F26A9E3}.Debug|Any CPU.Build.0 = Debug|Any CPU
		{6C515777-C65E-4CFA-A22A-386D9F26A9E3}.Release|Any CPU.ActiveCfg = Release|Any CPU
		{6C515777-C65E-4CFA-A22A-386D9F26A9E3}.Release|Any CPU.Build.0 = Release|Any CPU
	EndGlobalSection
	GlobalSection(SolutionProperties) = preSolution
		HideSolutionNode = FALSE
	EndGlobalSection
	GlobalSection(ExtensibilityGlobals) = postSolution
		SolutionGuid = {977376F8-B26B-424B-B338-D84389318237}
	EndGlobalSection
EndGlobal
